hash: bc8cf71d2c43e74fe7f0a17f6c72cccd52bd75f93bd6b417bfec8926f7efa308
updated: 2016-10-25T14:42:27.540919828-02:00
imports:
- name: github.com/caarlos0/alelogo
  version: ccba3d24b2105e05732832e8ce4b01a2de7f6838
- name: github.com/garyburd/redigo
  version: 8873b2f1995f59d4bcdd2b0dc9858e2cb9bf0c13
  subpackages:
  - internal
  - redis
- name: github.com/go-telegram-bot-api/telegram-bot-api
  version: a7f48eb2dd301356942677e65bebe0c9aef07013
- name: github.com/technoweenie/multipartstreamer
  version: a90a01d73ae432e2611d178c18367fbaa13e0154
testImports: []
